
Microsoft Visual Studio Solution File, Format Version 12.00
# Visual Studio Version 17
VisualStudioVersion = 17.5.002.0
MinimumVisualStudioVersion = 10.0.40219.1
Project("{9A19103F-16F7-4668-BE54-9A1E7A4F7556}") = "FundamentosDotNet", "FundamentosDotNet.csproj", "{35898AFB-75CD-4D76-8DE6-33DEB2061904}"
EndProject
Global
	GlobalSection(SolutionConfigurationPlatforms) = preSolution
		Debug|Any CPU = Debug|Any CPU
		Release|Any CPU = Release|Any CPU
	EndGlobalSection
	GlobalSection(ProjectConfigurationPlatforms) = postSolution
		{35898AFB-75CD-4D76-8DE6-33DEB2061904}.Debug|Any CPU.ActiveCfg = Debug|Any CPU
		{35898AFB-75CD-4D76-8DE6-33DEB2061904}.Debug|Any CPU.Build.0 = Debug|Any CPU
		{35898AFB-75CD-4D76-8DE6-33DEB2061904}.Release|Any CPU.ActiveCfg = Release|Any CPU
		{35898AFB-75CD-4D76-8DE6-33DEB2061904}.Release|Any CPU.Build.0 = Release|Any CPU
	EndGlobalSection
	GlobalSection(SolutionProperties) = preSolution
		HideSolutionNode = FALSE
	EndGlobalSection
	GlobalSection(ExtensibilityGlobals) = postSolution
		SolutionGuid = {2B2C371F-EE27-40E4-8D45-606956E7CC39}
	EndGlobalSection
EndGlobal
